// !$*UTF8*$!
{
	archiveVersion = 1;
	classes = {
	};
	objectVersion = 56;
	objects = {

/* Begin PBXBuildFile section */
		F2DB0D3F2A6042F4002D41F1 /* MJRefresh.framework in Frameworks */ = {isa = PBXBuildFile; fileRef = F2DB0D3D2A6042EA002D41F1 /* MJRefresh.framework */; };
		F2DB0D402A6042F4002D41F1 /* MJRefresh.framework in Embed Frameworks */ = {isa = PBXBuildFile; fileRef = F2DB0D3D2A6042EA002D41F1 /* MJRefresh.framework */; settings = {ATTRIBUTES = (CodeSignOnCopy, RemoveHeadersOnCopy, ); }; };
		F2EC8DFE2A5AD18D008F1BFB /* AppDelegate.m in Sources */ = {isa = PBXBuildFile; fileRef = F2EC8DFD2A5AD18D008F1BFB /* AppDelegate.m */; };
		F2EC8E012A5AD18D008F1BFB /* SceneDelegate.m in Sources */ = {isa = PBXBuildFile; fileRef = F2EC8E002A5AD18D008F1BFB /* SceneDelegate.m */; };
		F2EC8E042A5AD18D008F1BFB /* ViewController.m in Sources */ = {isa = PBXBuildFile; fileRef = F2EC8E032A5AD18D008F1BFB /* ViewController.m */; };
		F2EC8E072A5AD18D008F1BFB /* Main.storyboard in Resources */ = {isa = PBXBuildFile; fileRef = F2EC8E052A5AD18D008F1BFB /* Main.storyboard */; };
		F2EC8E092A5AD18E008F1BFB /* Assets.xcassets in Resources */ = {isa = PBXBuildFile; fileRef = F2EC8E082A5AD18E008F1BFB /* Assets.xcassets */; };
		F2EC8E0C2A5AD18E008F1BFB /* LaunchScreen.storyboard in Resources */ = {isa = PBXBuildFile; fileRef = F2EC8E0A2A5AD18E008F1BFB /* LaunchScreen.storyboard */; };
		F2EC8E0F2A5AD18E008F1BFB /* main.m in Sources */ = {isa = PBXBuildFile; fileRef = F2EC8E0E2A5AD18E008F1BFB /* main.m */; };
		F2EC8E192A5AD18E008F1BFB /* CollectionViewCustomLayoutTests.m in Sources */ = {isa = PBXBuildFile; fileRef = F2EC8E182A5AD18E008F1BFB /* CollectionViewCustomLayoutTests.m */; };
		F2EC8E232A5AD18E008F1BFB /* CollectionViewCustomLayoutUITests.m in Sources */ = {isa = PBXBuildFile; fileRef = F2EC8E222A5AD18E008F1BFB /* CollectionViewCustomLayoutUITests.m */; };
		F2EC8E252A5AD18E008F1BFB /* CollectionViewCustomLayoutUITestsLaunchTests.m in Sources */ = {isa = PBXBuildFile; fileRef = F2EC8E242A5AD18E008F1BFB /* CollectionViewCustomLayoutUITestsLaunchTests.m */; };
		F2EC8E332A5AD3C4008F1BFB /* Masonry.framework in Frameworks */ = {isa = PBXBuildFile; fileRef = F2EC8E312A5AD36B008F1BFB /* Masonry.framework */; };
		F2EC8E342A5AD3C4008F1BFB /* Masonry.framework in Embed Frameworks */ = {isa = PBXBuildFile; fileRef = F2EC8E312A5AD36B008F1BFB /* Masonry.framework */; settings = {ATTRIBUTES = (CodeSignOnCopy, RemoveHeadersOnCopy, ); }; };
		F2EC8E382A5AD5F8008F1BFB /* MyCollectionViewCell.m in Sources */ = {isa = PBXBuildFile; fileRef = F2EC8E372A5AD5F8008F1BFB /* MyCollectionViewCell.m */; };
		F2EC8E3B2A5ADB76008F1BFB /* MyCollectionViewLayout.m in Sources */ = {isa = PBXBuildFile; fileRef = F2EC8E3A2A5ADB76008F1BFB /* MyCollectionViewLayout.m */; };
		F2EC8E3E2A5AE8B0008F1BFB /* MyCollectionViewLayoutAttributes.m in Sources */ = {isa = PBXBuildFile; fileRef = F2EC8E3D2A5AE8B0008F1BFB /* MyCollectionViewLayoutAttributes.m */; };
		F2EC8E412A5AF4DF008F1BFB /* NSString+Width.m in Sources */ = {isa = PBXBuildFile; fileRef = F2EC8E402A5AF4DF008F1BFB /* NSString+Width.m */; };
/* End PBXBuildFile section */

/* Begin PBXContainerItemProxy section */
		F2EC8E152A5AD18E008F1BFB /* PBXContainerItemProxy */ = {
			isa = PBXContainerItemProxy;
			containerPortal = F2EC8DF12A5AD18D008F1BFB /* Project object */;
			proxyType = 1;
			remoteGlobalIDString = F2EC8DF82A5AD18D008F1BFB;
			remoteInfo = CollectionViewCustomLayout;
		};
		F2EC8E1F2A5AD18E008F1BFB /* PBXContainerItemProxy */ = {
			isa = PBXContainerItemProxy;
			containerPortal = F2EC8DF12A5AD18D008F1BFB /* Project object */;
			proxyType = 1;
			remoteGlobalIDString = F2EC8DF82A5AD18D008F1BFB;
			remoteInfo = CollectionViewCustomLayout;
		};
/* End PBXContainerItemProxy section */

/* Begin PBXCopyFilesBuildPhase section */
		F2EC8E352A5AD3C4008F1BFB /* Embed Frameworks */ = {
			isa = PBXCopyFilesBuildPhase;
			buildActionMask = 2147483647;
			dstPath = "";
			dstSubfolderSpec = 10;
			files = (
				F2EC8E342A5AD3C4008F1BFB /* Masonry.framework in Embed Frameworks */,
				F2DB0D402A6042F4002D41F1 /* MJRefresh.framework in Embed Frameworks */,
			);
			name = "Embed Frameworks";
			runOnlyForDeploymentPostprocessing = 0;
		};
/* End PBXCopyFilesBuildPhase section */

/* Begin PBXFileReference section */
		F2DB0D3D2A6042EA002D41F1 /* MJRefresh.framework */ = {isa = PBXFileReference; lastKnownFileType = wrapper.framework; path = MJRefresh.framework; sourceTree = "<group>"; };
		F2EC8DF92A5AD18D008F1BFB /* CollectionViewCustomLayout.app */ = {isa = PBXFileReference; explicitFileType = wrapper.application; includeInIndex = 0; path = CollectionViewCustomLayout.app; sourceTree = BUILT_PRODUCTS_DIR; };
		F2EC8DFC2A5AD18D008F1BFB /* AppDelegate.h */ = {isa = PBXFileReference; lastKnownFileType = sourcecode.c.h; path = AppDelegate.h; sourceTree = "<group>"; };
		F2EC8DFD2A5AD18D008F1BFB /* AppDelegate.m */ = {isa = PBXFileReference; lastKnownFileType = sourcecode.c.objc; path = AppDelegate.m; sourceTree = "<group>"; };
		F2EC8DFF2A5AD18D008F1BFB /* SceneDelegate.h */ = {isa = PBXFileReference; lastKnownFileType = sourcecode.c.h; path = SceneDelegate.h; sourceTree = "<group>"; };
		F2EC8E002A5AD18D008F1BFB /* SceneDelegate.m */ = {isa = PBXFileReference; lastKnownFileType = sourcecode.c.objc; path = SceneDelegate.m; sourceTree = "<group>"; };
		F2EC8E022A5AD18D008F1BFB /* ViewController.h */ = {isa = PBXFileReference; lastKnownFileType = sourcecode.c.h; path = ViewController.h; sourceTree = "<group>"; };
		F2EC8E032A5AD18D008F1BFB /* ViewController.m */ = {isa = PBXFileReference; lastKnownFileType = sourcecode.c.objc; path = ViewController.m; sourceTree = "<group>"; };
		F2EC8E062A5AD18D008F1BFB /* Base */ = {isa = PBXFileReference; lastKnownFileType = file.storyboard; name = Base; path = Base.lproj/Main.storyboard; sourceTree = "<group>"; };
		F2EC8E082A5AD18E008F1BFB /* Assets.xcassets */ = {isa = PBXFileReference; lastKnownFileType = folder.assetcatalog; path = Assets.xcassets; sourceTree = "<group>"; };
		F2EC8E0B2A5AD18E008F1BFB /* Base */ = {isa = PBXFileReference; lastKnownFileType = file.storyboard; name = Base; path = Base.lproj/LaunchScreen.storyboard; sourceTree = "<group>"; };
		F2EC8E0D2A5AD18E008F1BFB /* Info.plist */ = {isa = PBXFileReference; lastKnownFileType = text.plist.xml; path = Info.plist; sourceTree = "<group>"; };
		F2EC8E0E2A5AD18E008F1BFB /* main.m */ = {isa = PBXFileReference; lastKnownFileType = sourcecode.c.objc; path = main.m; sourceTree = "<group>"; };
		F2EC8E142A5AD18E008F1BFB /* CollectionViewCustomLayoutTests.xctest */ = {isa = PBXFileReference; explicitFileType = wrapper.cfbundle; includeInIndex = 0; path = CollectionViewCustomLayoutTests.xctest; sourceTree = BUILT_PRODUCTS_DIR; };
		F2EC8E182A5AD18E008F1BFB /* CollectionViewCustomLayoutTests.m */ = {isa = PBXFileReference; lastKnownFileType = sourcecode.c.objc; path = CollectionViewCustomLayoutTests.m; sourceTree = "<group>"; };
		F2EC8E1E2A5AD18E008F1BFB /* CollectionViewCustomLayoutUITests.xctest */ = {isa = PBXFileReference; explicitFileType = wrapper.cfbundle; includeInIndex = 0; path = CollectionViewCustomLayoutUITests.xctest; sourceTree = BUILT_PRODUCTS_DIR; };
		F2EC8E222A5AD18E008F1BFB /* CollectionViewCustomLayoutUITests.m */ = {isa = PBXFileReference; lastKnownFileType = sourcecode.c.objc; path = CollectionViewCustomLayoutUITests.m; sourceTree = "<group>"; };
		F2EC8E242A5AD18E008F1BFB /* CollectionViewCustomLayoutUITestsLaunchTests.m */ = {isa = PBXFileReference; lastKnownFileType = sourcecode.c.objc; path = CollectionViewCustomLayoutUITestsLaunchTests.m; sourceTree = "<group>"; };
		F2EC8E312A5AD36B008F1BFB /* Masonry.framework */ = {isa = PBXFileReference; lastKnownFileType = wrapper.framework; path = Masonry.framework; sourceTree = "<group>"; };
		F2EC8E362A5AD5F8008F1BFB /* MyCollectionViewCell.h */ = {isa = PBXFileReference; lastKnownFileType = sourcecode.c.h; path = MyCollectionViewCell.h; sourceTree = "<group>"; };
		F2EC8E372A5AD5F8008F1BFB /* MyCollectionViewCell.m */ = {isa = PBXFileReference; lastKnownFileType = sourcecode.c.objc; path = MyCollectionViewCell.m; sourceTree = "<group>"; };
		F2EC8E392A5ADB76008F1BFB /* MyCollectionViewLayout.h */ = {isa = PBXFileReference; lastKnownFileType = sourcecode.c.h; path = MyCollectionViewLayout.h; sourceTree = "<group>"; };
		F2EC8E3A2A5ADB76008F1BFB /* MyCollectionViewLayout.m */ = {isa = PBXFileReference; lastKnownFileType = sourcecode.c.objc; path = MyCollectionViewLayout.m; sourceTree = "<group>"; };
		F2EC8E3C2A5AE8B0008F1BFB /* MyCollectionViewLayoutAttributes.h */ = {isa = PBXFileReference; lastKnownFileType = sourcecode.c.h; path = MyCollectionViewLayoutAttributes.h; sourceTree = "<group>"; };
		F2EC8E3D2A5AE8B0008F1BFB /* MyCollectionViewLayoutAttributes.m */ = {isa = PBXFileReference; lastKnownFileType = sourcecode.c.objc; path = MyCollectionViewLayoutAttributes.m; sourceTree = "<group>"; };
		F2EC8E3F2A5AF4DF008F1BFB /* NSString+Width.h */ = {isa = PBXFileReference; lastKnownFileType = sourcecode.c.h; path = "NSString+Width.h"; sourceTree = "<group>"; };
		F2EC8E402A5AF4DF008F1BFB /* NSString+Width.m */ = {isa = PBXFileReference; lastKnownFileType = sourcecode.c.objc; path = "NSString+Width.m"; sourceTree = "<group>"; };
/* End PBXFileReference section */

/* Begin PBXFrameworksBuildPhase section */
		F2EC8DF62A5AD18D008F1BFB /* Frameworks */ = {
			isa = PBXFrameworksBuildPhase;
			buildActionMask = 2147483647;
			files = (
				F2EC8E332A5AD3C4008F1BFB /* Masonry.framework in Frameworks */,
				F2DB0D3F2A6042F4002D41F1 /* MJRefresh.framework in Frameworks */,
			);
			runOnlyForDeploymentPostprocessing = 0;
		};
		F2EC8E112A5AD18E008F1BFB /* Frameworks */ = {
			isa = PBXFrameworksBuildPhase;
			buildActionMask = 2147483647;
			files = (
			);
			runOnlyForDeploymentPostprocessing = 0;
		};
		F2EC8E1B2A5AD18E008F1BFB /* Frameworks */ = {
			isa = PBXFrameworksBuildPhase;
			buildActionMask = 2147483647;
			files = (
			);
			runOnlyForDeploymentPostprocessing = 0;
		};
/* End PBXFrameworksBuildPhase section */

/* Begin PBXGroup section */
		F2EC8DF02A5AD18D008F1BFB = {
			isa = PBXGroup;
			children = (
				F2EC8DFB2A5AD18D008F1BFB /* CollectionViewCustomLayout */,
				F2EC8E172A5AD18E008F1BFB /* CollectionViewCustomLayoutTests */,
				F2EC8E212A5AD18E008F1BFB /* CollectionViewCustomLayoutUITests */,
				F2EC8DFA2A5AD18D008F1BFB /* Products */,
			);
			sourceTree = "<group>";
		};
		F2EC8DFA2A5AD18D008F1BFB /* Products */ = {
			isa = PBXGroup;
			children = (
				F2EC8DF92A5AD18D008F1BFB /* CollectionViewCustomLayout.app */,
				F2EC8E142A5AD18E008F1BFB /* CollectionViewCustomLayoutTests.xctest */,
				F2EC8E1E2A5AD18E008F1BFB /* CollectionViewCustomLayoutUITests.xctest */,
			);
			name = Products;
			sourceTree = "<group>";
		};
		F2EC8DFB2A5AD18D008F1BFB /* CollectionViewCustomLayout */ = {
			isa = PBXGroup;
			children = (
				F2EC8DFC2A5AD18D008F1BFB /* AppDelegate.h */,
				F2EC8DFD2A5AD18D008F1BFB /* AppDelegate.m */,
				F2EC8DFF2A5AD18D008F1BFB /* SceneDelegate.h */,
				F2EC8E002A5AD18D008F1BFB /* SceneDelegate.m */,
				F2EC8E022A5AD18D008F1BFB /* ViewController.h */,
				F2EC8E032A5AD18D008F1BFB /* ViewController.m */,
				F2EC8E362A5AD5F8008F1BFB /* MyCollectionViewCell.h */,
				F2EC8E372A5AD5F8008F1BFB /* MyCollectionViewCell.m */,
				F2EC8E392A5ADB76008F1BFB /* MyCollectionViewLayout.h */,
				F2EC8E3A2A5ADB76008F1BFB /* MyCollectionViewLayout.m */,
				F2EC8E3C2A5AE8B0008F1BFB /* MyCollectionViewLayoutAttributes.h */,
				F2EC8E3D2A5AE8B0008F1BFB /* MyCollectionViewLayoutAttributes.m */,
				F2EC8E3F2A5AF4DF008F1BFB /* NSString+Width.h */,
				F2EC8E402A5AF4DF008F1BFB /* NSString+Width.m */,
				F2EC8E052A5AD18D008F1BFB /* Main.storyboard */,
				F2EC8E082A5AD18E008F1BFB /* Assets.xcassets */,
				F2DB0D3D2A6042EA002D41F1 /* MJRefresh.framework */,
				F2EC8E0A2A5AD18E008F1BFB /* LaunchScreen.storyboard */,
				F2EC8E0D2A5AD18E008F1BFB /* Info.plist */,
				F2EC8E0E2A5AD18E008F1BFB /* main.m */,
				F2EC8E312A5AD36B008F1BFB /* Masonry.framework */,
			);
			path = CollectionViewCustomLayout;
			sourceTree = "<group>";
		};
		F2EC8E172A5AD18E008F1BFB /* CollectionViewCustomLayoutTests */ = {
			isa = PBXGroup;
			children = (
				F2EC8E182A5AD18E008F1BFB /* CollectionViewCustomLayoutTests.m */,
			);
			path = CollectionViewCustomLayoutTests;
			sourceTree = "<group>";
		};
		F2EC8E212A5AD18E008F1BFB /* CollectionViewCustomLayoutUITests */ = {
			isa = PBXGroup;
			children = (
				F2EC8E222A5AD18E008F1BFB /* CollectionViewCustomLayoutUITests.m */,
				F2EC8E242A5AD18E008F1BFB /* CollectionViewCustomLayoutUITestsLaunchTests.m */,
			);
			path = CollectionViewCustomLayoutUITests;
			sourceTree = "<group>";
		};
/* End PBXGroup section */

/* Begin PBXNativeTarget section */
		F2EC8DF82A5AD18D008F1BFB /* CollectionViewCustomLayout */ = {
			isa = PBXNativeTarget;
			buildConfigurationList = F2EC8E282A5AD18E008F1BFB /* Build configuration list for PBXNativeTarget "CollectionViewCustomLayout" */;
			buildPhases = (
				F2EC8DF52A5AD18D008F1BFB /* Sources */,
				F2EC8DF62A5AD18D008F1BFB /* Frameworks */,
				F2EC8DF72A5AD18D008F1BFB /* Resources */,
				F2EC8E352A5AD3C4008F1BFB /* Embed Frameworks */,
			);
			buildRules = (
			);
			dependencies = (
			);
			name = CollectionViewCustomLayout;
			productName = CollectionViewCustomLayout;
			productReference = F2EC8DF92A5AD18D008F1BFB /* CollectionViewCustomLayout.app */;
			productType = "com.apple.product-type.application";
		};
		F2EC8E132A5AD18E008F1BFB /* CollectionViewCustomLayoutTests */ = {
			isa = PBXNativeTarget;
			buildConfigurationList = F2EC8E2B2A5AD18E008F1BFB /* Build configuration list for PBXNativeTarget "CollectionViewCustomLayoutTests" */;
			buildPhases = (
				F2EC8E102A5AD18E008F1BFB /* Sources */,
				F2EC8E112A5AD18E008F1BFB /* Frameworks */,
				F2EC8E122A5AD18E008F1BFB /* Resources */,
			);
			buildRules = (
			);
			dependencies = (
				F2EC8E162A5AD18E008F1BFB /* PBXTargetDependency */,
			);
			name = CollectionViewCustomLayoutTests;
			productName = CollectionViewCustomLayoutTests;
			productReference = F2EC8E142A5AD18E008F1BFB /* CollectionViewCustomLayoutTests.xctest */;
			productType = "com.apple.product-type.bundle.unit-test";
		};
		F2EC8E1D2A5AD18E008F1BFB /* CollectionViewCustomLayoutUITests */ = {
			isa = PBXNativeTarget;
			buildConfigurationList = F2EC8E2E2A5AD18E008F1BFB /* Build configuration list for PBXNativeTarget "CollectionViewCustomLayoutUITests" */;
			buildPhases = (
				F2EC8E1A2A5AD18E008F1BFB /* Sources */,
				F2EC8E1B2A5AD18E008F1BFB /* Frameworks */,
				F2EC8E1C2A5AD18E008F1BFB /* Resources */,
			);
			buildRules = (
			);
			dependencies = (
				F2EC8E202A5AD18E008F1BFB /* PBXTargetDependency */,
			);
			name = CollectionViewCustomLayoutUITests;
			productName = CollectionViewCustomLayoutUITests;
			productReference = F2EC8E1E2A5AD18E008F1BFB /* CollectionViewCustomLayoutUITests.xctest */;
			productType = "com.apple.product-type.bundle.ui-testing";
		};
/* End PBXNativeTarget section */

/* Begin PBXProject section */
		F2EC8DF12A5AD18D008F1BFB /* Project object */ = {
			isa = PBXProject;
			attributes = {
				BuildIndependentTargetsInParallel = 1;
				LastUpgradeCheck = 1420;
				TargetAttributes = {
					F2EC8DF82A5AD18D008F1BFB = {
						CreatedOnToolsVersion = 14.2;
					};
					F2EC8E132A5AD18E008F1BFB = {
						CreatedOnToolsVersion = 14.2;
						TestTargetID = F2EC8DF82A5AD18D008F1BFB;
					};
					F2EC8E1D2A5AD18E008F1BFB = {
						CreatedOnToolsVersion = 14.2;
						TestTargetID = F2EC8DF82A5AD18D008F1BFB;
					};
				};
			};
			buildConfigurationList = F2EC8DF42A5AD18D008F1BFB /* Build configuration list for PBXProject "CollectionViewCustomLayout" */;
			compatibilityVersion = "Xcode 14.0";
			developmentRegion = en;
			hasScannedForEncodings = 0;
			knownRegions = (
				en,
				Base,
			);
			mainGroup = F2EC8DF02A5AD18D008F1BFB;
			productRefGroup = F2EC8DFA2A5AD18D008F1BFB /* Products */;
			projectDirPath = "";
			projectRoot = "";
			targets = (
				F2EC8DF82A5AD18D008F1BFB /* CollectionViewCustomLayout */,
				F2EC8E132A5AD18E008F1BFB /* CollectionViewCustomLayoutTests */,
				F2EC8E1D2A5AD18E008F1BFB /* CollectionViewCustomLayoutUITests */,
			);
		};
/* End PBXProject section */

/* Begin PBXResourcesBuildPhase section */
		F2EC8DF72A5AD18D008F1BFB /* Resources */ = {
			isa = PBXResourcesBuildPhase;
			buildActionMask = 2147483647;
			files = (
				F2EC8E0C2A5AD18E008F1BFB /* LaunchScreen.storyboard in Resources */,
				F2EC8E092A5AD18E008F1BFB /* Assets.xcassets in Resources */,
				F2EC8E072A5AD18D008F1BFB /* Main.storyboard in Resources */,
			);
			runOnlyForDeploymentPostprocessing = 0;
		};
		F2EC8E122A5AD18E008F1BFB /* Resources */ = {
			isa = PBXResourcesBuildPhase;
			buildActionMask = 2147483647;
			files = (
			);
			runOnlyForDeploymentPostprocessing = 0;
		};
		F2EC8E1C2A5AD18E008F1BFB /* Resources */ = {
			isa = PBXResourcesBuildPhase;
			buildActionMask = 2147483647;
			files = (
			);
			runOnlyForDeploymentPostprocessing = 0;
		};
/* End PBXResourcesBuildPhase section */

/* Begin PBXSourcesBuildPhase section */
		F2EC8DF52A5AD18D008F1BFB /* Sources */ = {
			isa = PBXSourcesBuildPhase;
			buildActionMask = 2147483647;
			files = (
				F2EC8E042A5AD18D008F1BFB /* ViewController.m in Sources */,
				F2EC8DFE2A5AD18D008F1BFB /* AppDelegate.m in Sources */,
				F2EC8E0F2A5AD18E008F1BFB /* main.m in Sources */,
				F2EC8E012A5AD18D008F1BFB /* SceneDelegate.m in Sources */,
				F2EC8E3B2A5ADB76008F1BFB /* MyCollectionViewLayout.m in Sources */,
				F2EC8E382A5AD5F8008F1BFB /* MyCollectionViewCell.m in Sources */,
				F2EC8E412A5AF4DF008F1BFB /* NSString+Width.m in Sources */,
				F2EC8E3E2A5AE8B0008F1BFB /* MyCollectionViewLayoutAttributes.m in Sources */,
			);
			runOnlyForDeploymentPostprocessing = 0;
		};
		F2EC8E102A5AD18E008F1BFB /* Sources */ = {
			isa = PBXSourcesBuildPhase;
			buildActionMask = 2147483647;
			files = (
				F2EC8E192A5AD18E008F1BFB /* CollectionViewCustomLayoutTests.m in Sources */,
			);
			runOnlyForDeploymentPostprocessing = 0;
		};
		F2EC8E1A2A5AD18E008F1BFB /* Sources */ = {
			isa = PBXSourcesBuildPhase;
			buildActionMask = 2147483647;
			files = (
				F2EC8E252A5AD18E008F1BFB /* CollectionViewCustomLayoutUITestsLaunchTests.m in Sources */,
				F2EC8E232A5AD18E008F1BFB /* CollectionViewCustomLayoutUITests.m in Sources */,
			);
			runOnlyForDeploymentPostprocessing = 0;
		};
/* End PBXSourcesBuildPhase section */

/* Begin PBXTargetDependency section */
		F2EC8E162A5AD18E008F1BFB /* PBXTargetDependency */ = {
			isa = PBXTargetDependency;
			target = F2EC8DF82A5AD18D008F1BFB /* CollectionViewCustomLayout */;
			targetProxy = F2EC8E152A5AD18E008F1BFB /* PBXContainerItemProxy */;
		};
		F2EC8E202A5AD18E008F1BFB /* PBXTargetDependency */ = {
			isa = PBXTargetDependency;
			target = F2EC8DF82A5AD18D008F1BFB /* CollectionViewCustomLayout */;
			targetProxy = F2EC8E1F2A5AD18E008F1BFB /* PBXContainerItemProxy */;
		};
/* End PBXTargetDependency section */

/* Begin PBXVariantGroup section */
		F2EC8E052A5AD18D008F1BFB /* Main.storyboard */ = {
			isa = PBXVariantGroup;
			children = (
				F2EC8E062A5AD18D008F1BFB /* Base */,
			);
			name = Main.storyboard;
			sourceTree = "<group>";
		};
		F2EC8E0A2A5AD18E008F1BFB /* LaunchScreen.storyboard */ = {
			isa = PBXVariantGroup;
			children = (
				F2EC8E0B2A5AD18E008F1BFB /* Base */,
			);
			name = LaunchScreen.storyboard;
			sourceTree = "<group>";
		};
/* End PBXVariantGroup section */

/* Begin XCBuildConfiguration section */
		F2EC8E262A5AD18E008F1BFB /* Debug */ = {
			isa = XCBuildConfiguration;
			buildSettings = {
				ALWAYS_SEARCH_USER_PATHS = NO;
				CLANG_ANALYZER_NONNULL = YES;
				CLANG_ANALYZER_NUMBER_OBJECT_CONVERSION = YES_AGGRESSIVE;
				CLANG_CXX_LANGUAGE_STANDARD = "gnu++20";
				CLANG_ENABLE_MODULES = YES;
				CLANG_ENABLE_OBJC_ARC = YES;
				CLANG_ENABLE_OBJC_WEAK = YES;
				CLANG_WARN_BLOCK_CAPTURE_AUTORELEASING = YES;
				CLANG_WARN_BOOL_CONVERSION = YES;
				CLANG_WARN_COMMA = YES;
				CLANG_WARN_CONSTANT_CONVERSION = YES;
				CLANG_WARN_DEPRECATED_OBJC_IMPLEMENTATIONS = YES;
				CLANG_WARN_DIRECT_OBJC_ISA_USAGE = YES_ERROR;
				CLANG_WARN_DOCUMENTATION_COMMENTS = YES;
				CLANG_WARN_EMPTY_BODY = YES;
				CLANG_WARN_ENUM_CONVERSION = YES;
				CLANG_WARN_INFINITE_RECURSION = YES;
				CLANG_WARN_INT_CONVERSION = YES;
				CLANG_WARN_NON_LITERAL_NULL_CONVERSION = YES;
				CLANG_WARN_OBJC_IMPLICIT_RETAIN_SELF = YES;
				CLANG_WARN_OBJC_LITERAL_CONVERSION = YES;
				CLANG_WARN_OBJC_ROOT_CLASS = YES_ERROR;
				CLANG_WARN_QUOTED_INCLUDE_IN_FRAMEWORK_HEADER = YES;
				CLANG_WARN_RANGE_LOOP_ANALYSIS = YES;
				CLANG_WARN_STRICT_PROTOTYPES = YES;
				CLANG_WARN_SUSPICIOUS_MOVE = YES;
				CLANG_WARN_UNGUARDED_AVAILABILITY = YES_AGGRESSIVE;
				CLANG_WARN_UNREACHABLE_CODE = YES;
				CLANG_WARN__DUPLICATE_METHOD_MATCH = YES;
				COPY_PHASE_STRIP = NO;
				DEBUG_INFORMATION_FORMAT = dwarf;
				ENABLE_STRICT_OBJC_MSGSEND = YES;
				ENABLE_TESTABILITY = YES;
				GCC_C_LANGUAGE_STANDARD = gnu11;
				GCC_DYNAMIC_NO_PIC = NO;
				GCC_NO_COMMON_BLOCKS = YES;
				GCC_OPTIMIZATION_LEVEL = 0;
				GCC_PREPROCESSOR_DEFINITIONS = (
					"DEBUG=1",
					"$(inherited)",
				);
				GCC_WARN_64_TO_32_BIT_CONVERSION = YES;
				GCC_WARN_ABOUT_RETURN_TYPE = YES_ERROR;
				GCC_WARN_UNDECLARED_SELECTOR = YES;
				GCC_WARN_UNINITIALIZED_AUTOS = YES_AGGRESSIVE;
				GCC_WARN_UNUSED_FUNCTION = YES;
				GCC_WARN_UNUSED_VARIABLE = YES;
				IPHONEOS_DEPLOYMENT_TARGET = 16.2;
				MTL_ENABLE_DEBUG_INFO = INCLUDE_SOURCE;
				MTL_FAST_MATH = YES;
				ONLY_ACTIVE_ARCH = YES;
				SDKROOT = iphoneos;
			};
			name = Debug;
		};
		F2EC8E272A5AD18E008F1BFB /* Release */ = {
			isa = XCBuildConfiguration;
			buildSettings = {
				ALWAYS_SEARCH_USER_PATHS = NO;
				CLANG_ANALYZER_NONNULL = YES;
				CLANG_ANALYZER_NUMBER_OBJECT_CONVERSION = YES_AGGRESSIVE;
				CLANG_CXX_LANGUAGE_STANDARD = "gnu++20";
				CLANG_ENABLE_MODULES = YES;
				CLANG_ENABLE_OBJC_ARC = YES;
				CLANG_ENABLE_OBJC_WEAK = YES;
				CLANG_WARN_BLOCK_CAPTURE_AUTORELEASING = YES;
				CLANG_WARN_BOOL_CONVERSION = YES;
				CLANG_WARN_COMMA = YES;
				CLANG_WARN_CONSTANT_CONVERSION = YES;
				CLANG_WARN_DEPRECATED_OBJC_IMPLEMENTATIONS = YES;
				CLANG_WARN_DIRECT_OBJC_ISA_USAGE = YES_ERROR;
				CLANG_WARN_DOCUMENTATION_COMMENTS = YES;
				CLANG_WARN_EMPTY_BODY = YES;
				CLANG_WARN_ENUM_CONVERSION = YES;
				CLANG_WARN_INFINITE_RECURSION = YES;
				CLANG_WARN_INT_CONVERSION = YES;
				CLANG_WARN_NON_LITERAL_NULL_CONVERSION = YES;
				CLANG_WARN_OBJC_IMPLICIT_RETAIN_SELF = YES;
				CLANG_WARN_OBJC_LITERAL_CONVERSION = YES;
				CLANG_WARN_OBJC_ROOT_CLASS = YES_ERROR;
				CLANG_WARN_QUOTED_INCLUDE_IN_FRAMEWORK_HEADER = YES;
				CLANG_WARN_RANGE_LOOP_ANALYSIS = YES;
				CLANG_WARN_STRICT_PROTOTYPES = YES;
				CLANG_WARN_SUSPICIOUS_MOVE = YES;
				CLANG_WARN_UNGUARDED_AVAILABILITY = YES_AGGRESSIVE;
				CLANG_WARN_UNREACHABLE_CODE = YES;
				CLANG_WARN__DUPLICATE_METHOD_MATCH = YES;
				COPY_PHASE_STRIP = NO;
				DEBUG_INFORMATION_FORMAT = "dwarf-with-dsym";
				ENABLE_NS_ASSERTIONS = NO;
				ENABLE_STRICT_OBJC_MSGSEND = YES;
				GCC_C_LANGUAGE_STANDARD = gnu11;
				GCC_NO_COMMON_BLOCKS = YES;
				GCC_WARN_64_TO_32_BIT_CONVERSION = YES;
				GCC_WARN_ABOUT_RETURN_TYPE = YES_ERROR;
				GCC_WARN_UNDECLARED_SELECTOR = YES;
				GCC_WARN_UNINITIALIZED_AUTOS = YES_AGGRESSIVE;
				GCC_WARN_UNUSED_FUNCTION = YES;
				GCC_WARN_UNUSED_VARIABLE = YES;
				IPHONEOS_DEPLOYMENT_TARGET = 16.2;
				MTL_ENABLE_DEBUG_INFO = NO;
				MTL_FAST_MATH = YES;
				SDKROOT = iphoneos;
				VALIDATE_PRODUCT = YES;
			};
			name = Release;
		};
		F2EC8E292A5AD18E008F1BFB /* Debug */ = {
			isa = XCBuildConfiguration;
			buildSettings = {
				ASSETCATALOG_COMPILER_APPICON_NAME = AppIcon;
				ASSETCATALOG_COMPILER_GLOBAL_ACCENT_COLOR_NAME = AccentColor;
				CODE_SIGN_STYLE = Automatic;
				CURRENT_PROJECT_VERSION = 1;
				FRAMEWORK_SEARCH_PATHS = (
					"$(inherited)",
					"$(PROJECT_DIR)/CollectionViewCustomLayout",
				);
				GENERATE_INFOPLIST_FILE = YES;
				INFOPLIST_FILE = CollectionViewCustomLayout/Info.plist;
				INFOPLIST_KEY_UIApplicationSupportsIndirectInputEvents = YES;
				INFOPLIST_KEY_UILaunchStoryboardName = LaunchScreen;
				INFOPLIST_KEY_UIMainStoryboardFile = Main;
				INFOPLIST_KEY_UISupportedInterfaceOrientations_iPad = "UIInterfaceOrientationPortrait UIInterfaceOrientationPortraitUpsideDown UIInterfaceOrientationLandscapeLeft UIInterfaceOrientationLandscapeRight";
				INFOPLIST_KEY_UISupportedInterfaceOrientations_iPhone = "UIInterfaceOrientationPortrait UIInterfaceOrientationLandscapeLeft UIInterfaceOrientationLandscapeRight";
				LD_RUNPATH_SEARCH_PATHS = (
					"$(inherited)",
					"@executable_path/Frameworks",
				);
				MARKETING_VERSION = 1.0;
				PRODUCT_BUNDLE_IDENTIFIER = kotercy.CollectionViewCustomLayout;
				PRODUCT_NAME = "$(TARGET_NAME)";
				SWIFT_EMIT_LOC_STRINGS = YES;
				TARGETED_DEVICE_FAMILY = "1,2";
			};
			name = Debug;
		};
		F2EC8E2A2A5AD18E008F1BFB /* Release */ = {
			isa = XCBuildConfiguration;
			buildSettings = {
				ASSETCATALOG_COMPILER_APPICON_NAME = AppIcon;
				ASSETCATALOG_COMPILER_GLOBAL_ACCENT_COLOR_NAME = AccentColor;
				CODE_SIGN_STYLE = Automatic;
				CURRENT_PROJECT_VERSION = 1;
				FRAMEWORK_SEARCH_PATHS = (
					"$(inherited)",
					"$(PROJECT_DIR)/CollectionViewCustomLayout",
				);
				GENERATE_INFOPLIST_FILE = YES;
				INFOPLIST_FILE = CollectionViewCustomLayout/Info.plist;
				INFOPLIST_KEY_UIApplicationSupportsIndirectInputEvents = YES;
				INFOPLIST_KEY_UILaunchStoryboardName = LaunchScreen;
				INFOPLIST_KEY_UIMainStoryboardFile = Main;
				INFOPLIST_KEY_UISupportedInterfaceOrientations_iPad = "UIInterfaceOrientationPortrait UIInterfaceOrientationPortraitUpsideDown UIInterfaceOrientationLandscapeLeft UIInterfaceOrientationLandscapeRight";
				INFOPLIST_KEY_UISupportedInterfaceOrientations_iPhone = "UIInterfaceOrientationPortrait UIInterfaceOrientationLandscapeLeft UIInterfaceOrientationLandscapeRight";
				LD_RUNPATH_SEARCH_PATHS = (
					"$(inherited)",
					"@executable_path/Frameworks",
				);
				MARKETING_VERSION = 1.0;
				PRODUCT_BUNDLE_IDENTIFIER = kotercy.CollectionViewCustomLayout;
				PRODUCT_NAME = "$(TARGET_NAME)";
				SWIFT_EMIT_LOC_STRINGS = YES;
				TARGETED_DEVICE_FAMILY = "1,2";
			};
			name = Release;
		};
		F2EC8E2C2A5AD18E008F1BFB /* Debug */ = {
			isa = XCBuildConfiguration;
			buildSettings = {
				BUNDLE_LOADER = "$(TEST_HOST)";
				CODE_SIGN_STYLE = Automatic;
				CURRENT_PROJECT_VERSION = 1;
				GENERATE_INFOPLIST_FILE = YES;
				IPHONEOS_DEPLOYMENT_TARGET = 16.2;
				MARKETING_VERSION = 1.0;
				PRODUCT_BUNDLE_IDENTIFIER = kotercy.CollectionViewCustomLayoutTests;
				PRODUCT_NAME = "$(TARGET_NAME)";
				SWIFT_EMIT_LOC_STRINGS = NO;
				TARGETED_DEVICE_FAMILY = "1,2";
				TEST_HOST = "$(BUILT_PRODUCTS_DIR)/CollectionViewCustomLayout.app/$(BUNDLE_EXECUTABLE_FOLDER_PATH)/CollectionViewCustomLayout";
			};
			name = Debug;
		};
		F2EC8E2D2A5AD18E008F1BFB /* Release */ = {
			isa = XCBuildConfiguration;
			buildSettings = {
				BUNDLE_LOADER = "$(TEST_HOST)";
				CODE_SIGN_STYLE = Automatic;
				CURRENT_PROJECT_VERSION = 1;
				GENERATE_INFOPLIST_FILE = YES;
				IPHONEOS_DEPLOYMENT_TARGET = 16.2;
				MARKETING_VERSION = 1.0;
				PRODUCT_BUNDLE_IDENTIFIER = kotercy.CollectionViewCustomLayoutTests;
				PRODUCT_NAME = "$(TARGET_NAME)";
				SWIFT_EMIT_LOC_STRINGS = NO;
				TARGETED_DEVICE_FAMILY = "1,2";
				TEST_HOST = "$(BUILT_PRODUCTS_DIR)/CollectionViewCustomLayout.app/$(BUNDLE_EXECUTABLE_FOLDER_PATH)/CollectionViewCustomLayout";
			};
			name = Release;
		};
		F2EC8E2F2A5AD18E008F1BFB /* Debug */ = {
			isa = XCBuildConfiguration;
			buildSettings = {
				CODE_SIGN_STYLE = Automatic;
				CURRENT_PROJECT_VERSION = 1;
				GENERATE_INFOPLIST_FILE = YES;
				MARKETING_VERSION = 1.0;
				PRODUCT_BUNDLE_IDENTIFIER = kotercy.CollectionViewCustomLayoutUITests;
				PRODUCT_NAME = "$(TARGET_NAME)";
				SWIFT_EMIT_LOC_STRINGS = NO;
				TARGETED_DEVICE_FAMILY = "1,2";
				TEST_TARGET_NAME = CollectionViewCustomLayout;
			};
			name = Debug;
		};
		F2EC8E302A5AD18E008F1BFB /* Release */ = {
			isa = XCBuildConfiguration;
			buildSettings = {
				CODE_SIGN_STYLE = Automatic;
				CURRENT_PROJECT_VERSION = 1;
				GENERATE_INFOPLIST_FILE = YES;
				MARKETING_VERSION = 1.0;
				PRODUCT_BUNDLE_IDENTIFIER = kotercy.CollectionViewCustomLayoutUITests;
				PRODUCT_NAME = "$(TARGET_NAME)";
				SWIFT_EMIT_LOC_STRINGS = NO;
				TARGETED_DEVICE_FAMILY = "1,2";
				TEST_TARGET_NAME = CollectionViewCustomLayout;
			};
			name = Release;
		};
/* End XCBuildConfiguration section */

/* Begin XCConfigurationList section */
		F2EC8DF42A5AD18D008F1BFB /* Build configuration list for PBXProject "CollectionViewCustomLayout" */ = {
			isa = XCConfigurationList;
			buildConfigurations = (
				F2EC8E262A5AD18E008F1BFB /* Debug */,
				F2EC8E272A5AD18E008F1BFB /* Release */,
			);
			defaultConfigurationIsVisible = 0;
			defaultConfigurationName = Release;
		};
		F2EC8E282A5AD18E008F1BFB /* Build configuration list for PBXNativeTarget "CollectionViewCustomLayout" */ = {
			isa = XCConfigurationList;
			buildConfigurations = (
				F2EC8E292A5AD18E008F1BFB /* Debug */,
				F2EC8E2A2A5AD18E008F1BFB /* Release */,
			);
			defaultConfigurationIsVisible = 0;
			defaultConfigurationName = Release;
		};
		F2EC8E2B2A5AD18E008F1BFB /* Build configuration list for PBXNativeTarget "CollectionViewCustomLayoutTests" */ = {
			isa = XCConfigurationList;
			buildConfigurations = (
				F2EC8E2C2A5AD18E008F1BFB /* Debug */,
				F2EC8E2D2A5AD18E008F1BFB /* Release */,
			);
			defaultConfigurationIsVisible = 0;
			defaultConfigurationName = Release;
		};
		F2EC8E2E2A5AD18E008F1BFB /* Build configuration list for PBXNativeTarget "CollectionViewCustomLayoutUITests" */ = {
			isa = XCConfigurationList;
			buildConfigurations = (
				F2EC8E2F2A5AD18E008F1BFB /* Debug */,
				F2EC8E302A5AD18E008F1BFB /* Release */,
			);
			defaultConfigurationIsVisible = 0;
			defaultConfigurationName = Release;
		};
/* End XCConfigurationList section */
	};
	rootObject = F2EC8DF12A5AD18D008F1BFB /* Project object */;
}
