// !$*UTF8*$!
{
	archiveVersion = 1;
	classes = {
	};
	objectVersion = 56;
	objects = {

/* Begin PBXBuildFile section */
		F2D9AC412A63EFF9003BC976 /* LookinServer.framework in Frameworks */ = {isa = PBXBuildFile; fileRef = F2D9AC3F2A63EFEA003BC976 /* LookinServer.framework */; };
		F2D9AC422A63EFF9003BC976 /* LookinServer.framework in Embed Frameworks */ = {isa = PBXBuildFile; fileRef = F2D9AC3F2A63EFEA003BC976 /* LookinServer.framework */; settings = {ATTRIBUTES = (CodeSignOnCopy, RemoveHeadersOnCopy, ); }; };
		F2D9AC452A6599B1003BC976 /* ScrollInScrollViewController.m in Sources */ = {isa = PBXBuildFile; fileRef = F2D9AC442A6599B1003BC976 /* ScrollInScrollViewController.m */; };
		F2D9AC942A65B613003BC976 /* HitTestView.m in Sources */ = {isa = PBXBuildFile; fileRef = F2D9AC932A65B613003BC976 /* HitTestView.m */; };
		F2D9AC972A684036003BC976 /* PathAnimationViewController.m in Sources */ = {isa = PBXBuildFile; fileRef = F2D9AC962A684036003BC976 /* PathAnimationViewController.m */; };
		F2DB0D5A2A61B4DC002D41F1 /* SettingViewController.m in Sources */ = {isa = PBXBuildFile; fileRef = F2DB0D572A61B4DC002D41F1 /* SettingViewController.m */; };
		F2DB0DAD2A623E02002D41F1 /* Masonry.xcframework in Frameworks */ = {isa = PBXBuildFile; fileRef = F2DB0DA92A623DEC002D41F1 /* Masonry.xcframework */; };
		F2DB0DAE2A623E02002D41F1 /* Masonry.xcframework in Embed Frameworks */ = {isa = PBXBuildFile; fileRef = F2DB0DA92A623DEC002D41F1 /* Masonry.xcframework */; settings = {ATTRIBUTES = (CodeSignOnCopy, RemoveHeadersOnCopy, ); }; };
		F2DB0DAF2A623E03002D41F1 /* MJRefresh.xcframework in Frameworks */ = {isa = PBXBuildFile; fileRef = F2DB0DAB2A623DF5002D41F1 /* MJRefresh.xcframework */; };
		F2DB0DB02A623E03002D41F1 /* MJRefresh.xcframework in Embed Frameworks */ = {isa = PBXBuildFile; fileRef = F2DB0DAB2A623DF5002D41F1 /* MJRefresh.xcframework */; settings = {ATTRIBUTES = (CodeSignOnCopy, RemoveHeadersOnCopy, ); }; };
		F2DB0DB32A62435B002D41F1 /* SubChooseView.m in Sources */ = {isa = PBXBuildFile; fileRef = F2DB0DB22A62435B002D41F1 /* SubChooseView.m */; };
		F2DB0DB72A6247DB002D41F1 /* SubChooseCollectionViewCell.m in Sources */ = {isa = PBXBuildFile; fileRef = F2DB0DB62A6247DB002D41F1 /* SubChooseCollectionViewCell.m */; };
		F2EC8DFE2A5AD18D008F1BFB /* AppDelegate.m in Sources */ = {isa = PBXBuildFile; fileRef = F2EC8DFD2A5AD18D008F1BFB /* AppDelegate.m */; };
		F2EC8E042A5AD18D008F1BFB /* HomeViewController.m in Sources */ = {isa = PBXBuildFile; fileRef = F2EC8E032A5AD18D008F1BFB /* HomeViewController.m */; };
		F2EC8E092A5AD18E008F1BFB /* Assets.xcassets in Resources */ = {isa = PBXBuildFile; fileRef = F2EC8E082A5AD18E008F1BFB /* Assets.xcassets */; };
		F2EC8E0C2A5AD18E008F1BFB /* LaunchScreen.storyboard in Resources */ = {isa = PBXBuildFile; fileRef = F2EC8E0A2A5AD18E008F1BFB /* LaunchScreen.storyboard */; };
		F2EC8E0F2A5AD18E008F1BFB /* main.m in Sources */ = {isa = PBXBuildFile; fileRef = F2EC8E0E2A5AD18E008F1BFB /* main.m */; };
		F2EC8E382A5AD5F8008F1BFB /* MyCollectionViewCell.m in Sources */ = {isa = PBXBuildFile; fileRef = F2EC8E372A5AD5F8008F1BFB /* MyCollectionViewCell.m */; };
		F2EC8E3B2A5ADB76008F1BFB /* MyCollectionViewLayout.m in Sources */ = {isa = PBXBuildFile; fileRef = F2EC8E3A2A5ADB76008F1BFB /* MyCollectionViewLayout.m */; };
		F2EC8E412A5AF4DF008F1BFB /* NSString+Width.m in Sources */ = {isa = PBXBuildFile; fileRef = F2EC8E402A5AF4DF008F1BFB /* NSString+Width.m */; };
/* End PBXBuildFile section */

/* Begin PBXCopyFilesBuildPhase section */
		F2EC8E352A5AD3C4008F1BFB /* Embed Frameworks */ = {
			isa = PBXCopyFilesBuildPhase;
			buildActionMask = 2147483647;
			dstPath = "";
			dstSubfolderSpec = 10;
			files = (
				F2DB0DB02A623E03002D41F1 /* MJRefresh.xcframework in Embed Frameworks */,
				F2D9AC422A63EFF9003BC976 /* LookinServer.framework in Embed Frameworks */,
				F2DB0DAE2A623E02002D41F1 /* Masonry.xcframework in Embed Frameworks */,
			);
			name = "Embed Frameworks";
			runOnlyForDeploymentPostprocessing = 0;
		};
/* End PBXCopyFilesBuildPhase section */

/* Begin PBXFileReference section */
		F2D9AC3F2A63EFEA003BC976 /* LookinServer.framework */ = {isa = PBXFileReference; lastKnownFileType = wrapper.framework; path = LookinServer.framework; sourceTree = "<group>"; };
		F2D9AC432A6599B1003BC976 /* ScrollInScrollViewController.h */ = {isa = PBXFileReference; lastKnownFileType = sourcecode.c.h; path = ScrollInScrollViewController.h; sourceTree = "<group>"; };
		F2D9AC442A6599B1003BC976 /* ScrollInScrollViewController.m */ = {isa = PBXFileReference; lastKnownFileType = sourcecode.c.objc; path = ScrollInScrollViewController.m; sourceTree = "<group>"; };
		F2D9AC922A65B613003BC976 /* HitTestView.h */ = {isa = PBXFileReference; lastKnownFileType = sourcecode.c.h; path = HitTestView.h; sourceTree = "<group>"; };
		F2D9AC932A65B613003BC976 /* HitTestView.m */ = {isa = PBXFileReference; lastKnownFileType = sourcecode.c.objc; path = HitTestView.m; sourceTree = "<group>"; };
		F2D9AC952A684036003BC976 /* PathAnimationViewController.h */ = {isa = PBXFileReference; lastKnownFileType = sourcecode.c.h; path = PathAnimationViewController.h; sourceTree = "<group>"; };
		F2D9AC962A684036003BC976 /* PathAnimationViewController.m */ = {isa = PBXFileReference; lastKnownFileType = sourcecode.c.objc; path = PathAnimationViewController.m; sourceTree = "<group>"; };
		F2DB0D562A61B4DC002D41F1 /* SettingViewController.h */ = {isa = PBXFileReference; fileEncoding = 4; lastKnownFileType = sourcecode.c.h; path = SettingViewController.h; sourceTree = "<group>"; };
		F2DB0D572A61B4DC002D41F1 /* SettingViewController.m */ = {isa = PBXFileReference; fileEncoding = 4; lastKnownFileType = sourcecode.c.objc; path = SettingViewController.m; sourceTree = "<group>"; };
		F2DB0DA92A623DEC002D41F1 /* Masonry.xcframework */ = {isa = PBXFileReference; lastKnownFileType = wrapper.xcframework; name = Masonry.xcframework; path = Carthage/Build/Masonry.xcframework; sourceTree = SOURCE_ROOT; };
		F2DB0DAB2A623DF5002D41F1 /* MJRefresh.xcframework */ = {isa = PBXFileReference; lastKnownFileType = wrapper.xcframework; name = MJRefresh.xcframework; path = Carthage/Build/MJRefresh.xcframework; sourceTree = SOURCE_ROOT; };
		F2DB0DB12A62435B002D41F1 /* SubChooseView.h */ = {isa = PBXFileReference; lastKnownFileType = sourcecode.c.h; path = SubChooseView.h; sourceTree = "<group>"; };
		F2DB0DB22A62435B002D41F1 /* SubChooseView.m */ = {isa = PBXFileReference; lastKnownFileType = sourcecode.c.objc; path = SubChooseView.m; sourceTree = "<group>"; };
		F2DB0DB52A6247DB002D41F1 /* SubChooseCollectionViewCell.h */ = {isa = PBXFileReference; lastKnownFileType = sourcecode.c.h; path = SubChooseCollectionViewCell.h; sourceTree = "<group>"; };
		F2DB0DB62A6247DB002D41F1 /* SubChooseCollectionViewCell.m */ = {isa = PBXFileReference; lastKnownFileType = sourcecode.c.objc; path = SubChooseCollectionViewCell.m; sourceTree = "<group>"; };
		F2EC8DF92A5AD18D008F1BFB /* CollectionViewCustomLayout.app */ = {isa = PBXFileReference; explicitFileType = wrapper.application; includeInIndex = 0; path = CollectionViewCustomLayout.app; sourceTree = BUILT_PRODUCTS_DIR; };
		F2EC8DFC2A5AD18D008F1BFB /* AppDelegate.h */ = {isa = PBXFileReference; lastKnownFileType = sourcecode.c.h; path = AppDelegate.h; sourceTree = "<group>"; };
		F2EC8DFD2A5AD18D008F1BFB /* AppDelegate.m */ = {isa = PBXFileReference; lastKnownFileType = sourcecode.c.objc; path = AppDelegate.m; sourceTree = "<group>"; };
		F2EC8E022A5AD18D008F1BFB /* HomeViewController.h */ = {isa = PBXFileReference; lastKnownFileType = sourcecode.c.h; path = HomeViewController.h; sourceTree = "<group>"; };
		F2EC8E032A5AD18D008F1BFB /* HomeViewController.m */ = {isa = PBXFileReference; lastKnownFileType = sourcecode.c.objc; path = HomeViewController.m; sourceTree = "<group>"; };
		F2EC8E082A5AD18E008F1BFB /* Assets.xcassets */ = {isa = PBXFileReference; lastKnownFileType = folder.assetcatalog; path = Assets.xcassets; sourceTree = "<group>"; };
		F2EC8E0B2A5AD18E008F1BFB /* Base */ = {isa = PBXFileReference; lastKnownFileType = file.storyboard; name = Base; path = Base.lproj/LaunchScreen.storyboard; sourceTree = "<group>"; };
		F2EC8E0D2A5AD18E008F1BFB /* Info.plist */ = {isa = PBXFileReference; lastKnownFileType = text.plist.xml; path = Info.plist; sourceTree = "<group>"; };
		F2EC8E0E2A5AD18E008F1BFB /* main.m */ = {isa = PBXFileReference; lastKnownFileType = sourcecode.c.objc; path = main.m; sourceTree = "<group>"; };
		F2EC8E362A5AD5F8008F1BFB /* MyCollectionViewCell.h */ = {isa = PBXFileReference; lastKnownFileType = sourcecode.c.h; path = MyCollectionViewCell.h; sourceTree = "<group>"; };
		F2EC8E372A5AD5F8008F1BFB /* MyCollectionViewCell.m */ = {isa = PBXFileReference; lastKnownFileType = sourcecode.c.objc; path = MyCollectionViewCell.m; sourceTree = "<group>"; };
		F2EC8E392A5ADB76008F1BFB /* MyCollectionViewLayout.h */ = {isa = PBXFileReference; lastKnownFileType = sourcecode.c.h; path = MyCollectionViewLayout.h; sourceTree = "<group>"; };
		F2EC8E3A2A5ADB76008F1BFB /* MyCollectionViewLayout.m */ = {isa = PBXFileReference; lastKnownFileType = sourcecode.c.objc; path = MyCollectionViewLayout.m; sourceTree = "<group>"; };
		F2EC8E3F2A5AF4DF008F1BFB /* NSString+Width.h */ = {isa = PBXFileReference; lastKnownFileType = sourcecode.c.h; path = "NSString+Width.h"; sourceTree = "<group>"; };
		F2EC8E402A5AF4DF008F1BFB /* NSString+Width.m */ = {isa = PBXFileReference; lastKnownFileType = sourcecode.c.objc; path = "NSString+Width.m"; sourceTree = "<group>"; };
/* End PBXFileReference section */

/* Begin PBXFrameworksBuildPhase section */
		F2EC8DF62A5AD18D008F1BFB /* Frameworks */ = {
			isa = PBXFrameworksBuildPhase;
			buildActionMask = 2147483647;
			files = (
				F2DB0DAF2A623E03002D41F1 /* MJRefresh.xcframework in Frameworks */,
				F2D9AC412A63EFF9003BC976 /* LookinServer.framework in Frameworks */,
				F2DB0DAD2A623E02002D41F1 /* Masonry.xcframework in Frameworks */,
			);
			runOnlyForDeploymentPostprocessing = 0;
		};
/* End PBXFrameworksBuildPhase section */

/* Begin PBXGroup section */
		F2DB0D472A61B40A002D41F1 /* Home */ = {
			isa = PBXGroup;
			children = (
				F2DB0D4D2A61B463002D41F1 /* Layout */,
				F2DB0D4C2A61B45B002D41F1 /* Model */,
				F2DB0D4B2A61B450002D41F1 /* View */,
				F2DB0D492A61B430002D41F1 /* ViewController */,
			);
			path = Home;
			sourceTree = "<group>";
		};
		F2DB0D482A61B41B002D41F1 /* Setting */ = {
			isa = PBXGroup;
			children = (
				F2DB0D582A61B4DC002D41F1 /* Model */,
				F2DB0D592A61B4DC002D41F1 /* View */,
				F2DB0D552A61B4DC002D41F1 /* ViewController */,
			);
			path = Setting;
			sourceTree = "<group>";
		};
		F2DB0D492A61B430002D41F1 /* ViewController */ = {
			isa = PBXGroup;
			children = (
				F2EC8E022A5AD18D008F1BFB /* HomeViewController.h */,
				F2EC8E032A5AD18D008F1BFB /* HomeViewController.m */,
			);
			path = ViewController;
			sourceTree = "<group>";
		};
		F2DB0D4B2A61B450002D41F1 /* View */ = {
			isa = PBXGroup;
			children = (
				F2EC8E362A5AD5F8008F1BFB /* MyCollectionViewCell.h */,
				F2EC8E372A5AD5F8008F1BFB /* MyCollectionViewCell.m */,
			);
			path = View;
			sourceTree = "<group>";
		};
		F2DB0D4C2A61B45B002D41F1 /* Model */ = {
			isa = PBXGroup;
			children = (
			);
			path = Model;
			sourceTree = "<group>";
		};
		F2DB0D4D2A61B463002D41F1 /* Layout */ = {
			isa = PBXGroup;
			children = (
				F2EC8E392A5ADB76008F1BFB /* MyCollectionViewLayout.h */,
				F2EC8E3A2A5ADB76008F1BFB /* MyCollectionViewLayout.m */,
			);
			path = Layout;
			sourceTree = "<group>";
		};
		F2DB0D552A61B4DC002D41F1 /* ViewController */ = {
			isa = PBXGroup;
			children = (
				F2DB0D562A61B4DC002D41F1 /* SettingViewController.h */,
				F2DB0D572A61B4DC002D41F1 /* SettingViewController.m */,
				F2D9AC922A65B613003BC976 /* HitTestView.h */,
				F2D9AC932A65B613003BC976 /* HitTestView.m */,
				F2D9AC432A6599B1003BC976 /* ScrollInScrollViewController.h */,
				F2D9AC442A6599B1003BC976 /* ScrollInScrollViewController.m */,
				F2D9AC952A684036003BC976 /* PathAnimationViewController.h */,
				F2D9AC962A684036003BC976 /* PathAnimationViewController.m */,
			);
			path = ViewController;
			sourceTree = "<group>";
		};
		F2DB0D582A61B4DC002D41F1 /* Model */ = {
			isa = PBXGroup;
			children = (
			);
			path = Model;
			sourceTree = "<group>";
		};
		F2DB0D592A61B4DC002D41F1 /* View */ = {
			isa = PBXGroup;
			children = (
				F2DB0DB42A6247B9002D41F1 /* SubChoose */,
			);
			path = View;
			sourceTree = "<group>";
		};
		F2DB0D5C2A61B4F9002D41F1 /* Category */ = {
			isa = PBXGroup;
			children = (
				F2EC8E3F2A5AF4DF008F1BFB /* NSString+Width.h */,
				F2EC8E402A5AF4DF008F1BFB /* NSString+Width.m */,
			);
			path = Category;
			sourceTree = "<group>";
		};
		F2DB0D5D2A61B52F002D41F1 /* Library */ = {
			isa = PBXGroup;
			children = (
				F2D9AC3F2A63EFEA003BC976 /* LookinServer.framework */,
				F2DB0DA92A623DEC002D41F1 /* Masonry.xcframework */,
				F2DB0DAB2A623DF5002D41F1 /* MJRefresh.xcframework */,
			);
			path = Library;
			sourceTree = "<group>";
		};
		F2DB0DB42A6247B9002D41F1 /* SubChoose */ = {
			isa = PBXGroup;
			children = (
				F2DB0DB12A62435B002D41F1 /* SubChooseView.h */,
				F2DB0DB22A62435B002D41F1 /* SubChooseView.m */,
				F2DB0DB52A6247DB002D41F1 /* SubChooseCollectionViewCell.h */,
				F2DB0DB62A6247DB002D41F1 /* SubChooseCollectionViewCell.m */,
			);
			path = SubChoose;
			sourceTree = "<group>";
		};
		F2EC8DF02A5AD18D008F1BFB = {
			isa = PBXGroup;
			children = (
				F2EC8DFB2A5AD18D008F1BFB /* CollectionViewCustomLayout */,
				F2EC8DFA2A5AD18D008F1BFB /* Products */,
			);
			sourceTree = "<group>";
		};
		F2EC8DFA2A5AD18D008F1BFB /* Products */ = {
			isa = PBXGroup;
			children = (
				F2EC8DF92A5AD18D008F1BFB /* CollectionViewCustomLayout.app */,
			);
			name = Products;
			sourceTree = "<group>";
		};
		F2EC8DFB2A5AD18D008F1BFB /* CollectionViewCustomLayout */ = {
			isa = PBXGroup;
			children = (
				F2EC8DFC2A5AD18D008F1BFB /* AppDelegate.h */,
				F2EC8DFD2A5AD18D008F1BFB /* AppDelegate.m */,
				F2EC8E082A5AD18E008F1BFB /* Assets.xcassets */,
				F2DB0D5C2A61B4F9002D41F1 /* Category */,
				F2DB0D472A61B40A002D41F1 /* Home */,
				F2EC8E0D2A5AD18E008F1BFB /* Info.plist */,
				F2EC8E0A2A5AD18E008F1BFB /* LaunchScreen.storyboard */,
				F2DB0D5D2A61B52F002D41F1 /* Library */,
				F2EC8E0E2A5AD18E008F1BFB /* main.m */,
				F2DB0D482A61B41B002D41F1 /* Setting */,
			);
			path = CollectionViewCustomLayout;
			sourceTree = "<group>";
		};
/* End PBXGroup section */

/* Begin PBXNativeTarget section */
		F2EC8DF82A5AD18D008F1BFB /* CollectionViewCustomLayout */ = {
			isa = PBXNativeTarget;
			buildConfigurationList = F2EC8E282A5AD18E008F1BFB /* Build configuration list for PBXNativeTarget "CollectionViewCustomLayout" */;
			buildPhases = (
				F2EC8DF52A5AD18D008F1BFB /* Sources */,
				F2EC8DF62A5AD18D008F1BFB /* Frameworks */,
				F2EC8DF72A5AD18D008F1BFB /* Resources */,
				F2EC8E352A5AD3C4008F1BFB /* Embed Frameworks */,
			);
			buildRules = (
			);
			dependencies = (
			);
			name = CollectionViewCustomLayout;
			productName = CollectionViewCustomLayout;
			productReference = F2EC8DF92A5AD18D008F1BFB /* CollectionViewCustomLayout.app */;
			productType = "com.apple.product-type.application";
		};
/* End PBXNativeTarget section */

/* Begin PBXProject section */
		F2EC8DF12A5AD18D008F1BFB /* Project object */ = {
			isa = PBXProject;
			attributes = {
				BuildIndependentTargetsInParallel = 1;
				LastUpgradeCheck = 1420;
				TargetAttributes = {
					F2EC8DF82A5AD18D008F1BFB = {
						CreatedOnToolsVersion = 14.2;
					};
				};
			};
			buildConfigurationList = F2EC8DF42A5AD18D008F1BFB /* Build configuration list for PBXProject "CollectionViewCustomLayout" */;
			compatibilityVersion = "Xcode 14.0";
			developmentRegion = en;
			hasScannedForEncodings = 0;
			knownRegions = (
				en,
				Base,
			);
			mainGroup = F2EC8DF02A5AD18D008F1BFB;
			productRefGroup = F2EC8DFA2A5AD18D008F1BFB /* Products */;
			projectDirPath = "";
			projectRoot = "";
			targets = (
				F2EC8DF82A5AD18D008F1BFB /* CollectionViewCustomLayout */,
			);
		};
/* End PBXProject section */

/* Begin PBXResourcesBuildPhase section */
		F2EC8DF72A5AD18D008F1BFB /* Resources */ = {
			isa = PBXResourcesBuildPhase;
			buildActionMask = 2147483647;
			files = (
				F2EC8E0C2A5AD18E008F1BFB /* LaunchScreen.storyboard in Resources */,
				F2EC8E092A5AD18E008F1BFB /* Assets.xcassets in Resources */,
			);
			runOnlyForDeploymentPostprocessing = 0;
		};
/* End PBXResourcesBuildPhase section */

/* Begin PBXSourcesBuildPhase section */
		F2EC8DF52A5AD18D008F1BFB /* Sources */ = {
			isa = PBXSourcesBuildPhase;
			buildActionMask = 2147483647;
			files = (
				F2DB0DB72A6247DB002D41F1 /* SubChooseCollectionViewCell.m in Sources */,
				F2DB0DB32A62435B002D41F1 /* SubChooseView.m in Sources */,
				F2EC8E042A5AD18D008F1BFB /* HomeViewController.m in Sources */,
				F2D9AC452A6599B1003BC976 /* ScrollInScrollViewController.m in Sources */,
				F2D9AC972A684036003BC976 /* PathAnimationViewController.m in Sources */,
				F2EC8DFE2A5AD18D008F1BFB /* AppDelegate.m in Sources */,
				F2EC8E0F2A5AD18E008F1BFB /* main.m in Sources */,
				F2D9AC942A65B613003BC976 /* HitTestView.m in Sources */,
				F2EC8E3B2A5ADB76008F1BFB /* MyCollectionViewLayout.m in Sources */,
				F2EC8E382A5AD5F8008F1BFB /* MyCollectionViewCell.m in Sources */,
				F2EC8E412A5AF4DF008F1BFB /* NSString+Width.m in Sources */,
				F2DB0D5A2A61B4DC002D41F1 /* SettingViewController.m in Sources */,
			);
			runOnlyForDeploymentPostprocessing = 0;
		};
/* End PBXSourcesBuildPhase section */

/* Begin PBXVariantGroup section */
		F2EC8E0A2A5AD18E008F1BFB /* LaunchScreen.storyboard */ = {
			isa = PBXVariantGroup;
			children = (
				F2EC8E0B2A5AD18E008F1BFB /* Base */,
			);
			name = LaunchScreen.storyboard;
			sourceTree = "<group>";
		};
/* End PBXVariantGroup section */

/* Begin XCBuildConfiguration section */
		F2EC8E262A5AD18E008F1BFB /* Debug */ = {
			isa = XCBuildConfiguration;
			buildSettings = {
				ALWAYS_SEARCH_USER_PATHS = NO;
				CLANG_ANALYZER_NONNULL = YES;
				CLANG_ANALYZER_NUMBER_OBJECT_CONVERSION = YES_AGGRESSIVE;
				CLANG_CXX_LANGUAGE_STANDARD = "gnu++20";
				CLANG_ENABLE_MODULES = YES;
				CLANG_ENABLE_OBJC_ARC = YES;
				CLANG_ENABLE_OBJC_WEAK = YES;
				CLANG_WARN_BLOCK_CAPTURE_AUTORELEASING = YES;
				CLANG_WARN_BOOL_CONVERSION = YES;
				CLANG_WARN_COMMA = YES;
				CLANG_WARN_CONSTANT_CONVERSION = YES;
				CLANG_WARN_DEPRECATED_OBJC_IMPLEMENTATIONS = YES;
				CLANG_WARN_DIRECT_OBJC_ISA_USAGE = YES_ERROR;
				CLANG_WARN_DOCUMENTATION_COMMENTS = YES;
				CLANG_WARN_EMPTY_BODY = YES;
				CLANG_WARN_ENUM_CONVERSION = YES;
				CLANG_WARN_INFINITE_RECURSION = YES;
				CLANG_WARN_INT_CONVERSION = YES;
				CLANG_WARN_NON_LITERAL_NULL_CONVERSION = YES;
				CLANG_WARN_OBJC_IMPLICIT_RETAIN_SELF = YES;
				CLANG_WARN_OBJC_LITERAL_CONVERSION = YES;
				CLANG_WARN_OBJC_ROOT_CLASS = YES_ERROR;
				CLANG_WARN_QUOTED_INCLUDE_IN_FRAMEWORK_HEADER = YES;
				CLANG_WARN_RANGE_LOOP_ANALYSIS = YES;
				CLANG_WARN_STRICT_PROTOTYPES = YES;
				CLANG_WARN_SUSPICIOUS_MOVE = YES;
				CLANG_WARN_UNGUARDED_AVAILABILITY = YES_AGGRESSIVE;
				CLANG_WARN_UNREACHABLE_CODE = YES;
				CLANG_WARN__DUPLICATE_METHOD_MATCH = YES;
				COPY_PHASE_STRIP = NO;
				DEBUG_INFORMATION_FORMAT = dwarf;
				ENABLE_STRICT_OBJC_MSGSEND = YES;
				ENABLE_TESTABILITY = YES;
				GCC_C_LANGUAGE_STANDARD = gnu11;
				GCC_DYNAMIC_NO_PIC = NO;
				GCC_NO_COMMON_BLOCKS = YES;
				GCC_OPTIMIZATION_LEVEL = 0;
				GCC_PREPROCESSOR_DEFINITIONS = (
					"DEBUG=1",
					"$(inherited)",
				);
				GCC_WARN_64_TO_32_BIT_CONVERSION = YES;
				GCC_WARN_ABOUT_RETURN_TYPE = YES_ERROR;
				GCC_WARN_UNDECLARED_SELECTOR = YES;
				GCC_WARN_UNINITIALIZED_AUTOS = YES_AGGRESSIVE;
				GCC_WARN_UNUSED_FUNCTION = YES;
				GCC_WARN_UNUSED_VARIABLE = YES;
				IPHONEOS_DEPLOYMENT_TARGET = 11.0;
				MTL_ENABLE_DEBUG_INFO = INCLUDE_SOURCE;
				MTL_FAST_MATH = YES;
				ONLY_ACTIVE_ARCH = YES;
				SDKROOT = iphoneos;
			};
			name = Debug;
		};
		F2EC8E272A5AD18E008F1BFB /* Release */ = {
			isa = XCBuildConfiguration;
			buildSettings = {
				ALWAYS_SEARCH_USER_PATHS = NO;
				CLANG_ANALYZER_NONNULL = YES;
				CLANG_ANALYZER_NUMBER_OBJECT_CONVERSION = YES_AGGRESSIVE;
				CLANG_CXX_LANGUAGE_STANDARD = "gnu++20";
				CLANG_ENABLE_MODULES = YES;
				CLANG_ENABLE_OBJC_ARC = YES;
				CLANG_ENABLE_OBJC_WEAK = YES;
				CLANG_WARN_BLOCK_CAPTURE_AUTORELEASING = YES;
				CLANG_WARN_BOOL_CONVERSION = YES;
				CLANG_WARN_COMMA = YES;
				CLANG_WARN_CONSTANT_CONVERSION = YES;
				CLANG_WARN_DEPRECATED_OBJC_IMPLEMENTATIONS = YES;
				CLANG_WARN_DIRECT_OBJC_ISA_USAGE = YES_ERROR;
				CLANG_WARN_DOCUMENTATION_COMMENTS = YES;
				CLANG_WARN_EMPTY_BODY = YES;
				CLANG_WARN_ENUM_CONVERSION = YES;
				CLANG_WARN_INFINITE_RECURSION = YES;
				CLANG_WARN_INT_CONVERSION = YES;
				CLANG_WARN_NON_LITERAL_NULL_CONVERSION = YES;
				CLANG_WARN_OBJC_IMPLICIT_RETAIN_SELF = YES;
				CLANG_WARN_OBJC_LITERAL_CONVERSION = YES;
				CLANG_WARN_OBJC_ROOT_CLASS = YES_ERROR;
				CLANG_WARN_QUOTED_INCLUDE_IN_FRAMEWORK_HEADER = YES;
				CLANG_WARN_RANGE_LOOP_ANALYSIS = YES;
				CLANG_WARN_STRICT_PROTOTYPES = YES;
				CLANG_WARN_SUSPICIOUS_MOVE = YES;
				CLANG_WARN_UNGUARDED_AVAILABILITY = YES_AGGRESSIVE;
				CLANG_WARN_UNREACHABLE_CODE = YES;
				CLANG_WARN__DUPLICATE_METHOD_MATCH = YES;
				COPY_PHASE_STRIP = NO;
				DEBUG_INFORMATION_FORMAT = "dwarf-with-dsym";
				ENABLE_NS_ASSERTIONS = NO;
				ENABLE_STRICT_OBJC_MSGSEND = YES;
				GCC_C_LANGUAGE_STANDARD = gnu11;
				GCC_NO_COMMON_BLOCKS = YES;
				GCC_WARN_64_TO_32_BIT_CONVERSION = YES;
				GCC_WARN_ABOUT_RETURN_TYPE = YES_ERROR;
				GCC_WARN_UNDECLARED_SELECTOR = YES;
				GCC_WARN_UNINITIALIZED_AUTOS = YES_AGGRESSIVE;
				GCC_WARN_UNUSED_FUNCTION = YES;
				GCC_WARN_UNUSED_VARIABLE = YES;
				IPHONEOS_DEPLOYMENT_TARGET = 11.0;
				MTL_ENABLE_DEBUG_INFO = NO;
				MTL_FAST_MATH = YES;
				SDKROOT = iphoneos;
				VALIDATE_PRODUCT = YES;
			};
			name = Release;
		};
		F2EC8E292A5AD18E008F1BFB /* Debug */ = {
			isa = XCBuildConfiguration;
			buildSettings = {
				ASSETCATALOG_COMPILER_APPICON_NAME = AppIcon;
				ASSETCATALOG_COMPILER_GLOBAL_ACCENT_COLOR_NAME = AccentColor;
				CODE_SIGN_STYLE = Automatic;
				CURRENT_PROJECT_VERSION = 1;
				DEVELOPMENT_TEAM = 9TY5A8BV3H;
				FRAMEWORK_SEARCH_PATHS = (
					"$(inherited)",
					"$(PROJECT_DIR)/CollectionViewCustomLayout",
					"$(PROJECT_DIR)/CollectionViewCustomLayout/Library",
					"$(PROJECT_DIR)/Carthage/Build/iOS",
				);
				GENERATE_INFOPLIST_FILE = YES;
				INFOPLIST_FILE = CollectionViewCustomLayout/Info.plist;
				INFOPLIST_KEY_UIApplicationSupportsIndirectInputEvents = YES;
				INFOPLIST_KEY_UILaunchStoryboardName = LaunchScreen;
				INFOPLIST_KEY_UIRequiresFullScreen = NO;
				INFOPLIST_KEY_UISupportedInterfaceOrientations_iPad = "UIInterfaceOrientationPortrait UIInterfaceOrientationPortraitUpsideDown UIInterfaceOrientationLandscapeLeft UIInterfaceOrientationLandscapeRight";
				INFOPLIST_KEY_UISupportedInterfaceOrientations_iPhone = "UIInterfaceOrientationPortrait UIInterfaceOrientationLandscapeLeft UIInterfaceOrientationLandscapeRight";
				LD_RUNPATH_SEARCH_PATHS = (
					"$(inherited)",
					"@executable_path/Frameworks",
				);
				"LIBRARY_SEARCH_PATHS[arch=*]" = "";
				MARKETING_VERSION = 1.0;
				PRODUCT_BUNDLE_IDENTIFIER = kotercy.CollectionViewCustomLayout;
				PRODUCT_NAME = "$(TARGET_NAME)";
				SWIFT_EMIT_LOC_STRINGS = YES;
				TARGETED_DEVICE_FAMILY = "1,2";
			};
			name = Debug;
		};
		F2EC8E2A2A5AD18E008F1BFB /* Release */ = {
			isa = XCBuildConfiguration;
			buildSettings = {
				ASSETCATALOG_COMPILER_APPICON_NAME = AppIcon;
				ASSETCATALOG_COMPILER_GLOBAL_ACCENT_COLOR_NAME = AccentColor;
				CODE_SIGN_STYLE = Automatic;
				CURRENT_PROJECT_VERSION = 1;
				DEVELOPMENT_TEAM = 9TY5A8BV3H;
				FRAMEWORK_SEARCH_PATHS = (
					"$(inherited)",
					"$(PROJECT_DIR)/CollectionViewCustomLayout",
					"$(PROJECT_DIR)/CollectionViewCustomLayout/Library",
					"$(PROJECT_DIR)/Carthage/Build/iOS",
				);
				GENERATE_INFOPLIST_FILE = YES;
				INFOPLIST_FILE = CollectionViewCustomLayout/Info.plist;
				INFOPLIST_KEY_UIApplicationSupportsIndirectInputEvents = YES;
				INFOPLIST_KEY_UILaunchStoryboardName = LaunchScreen;
				INFOPLIST_KEY_UIRequiresFullScreen = NO;
				INFOPLIST_KEY_UISupportedInterfaceOrientations_iPad = "UIInterfaceOrientationPortrait UIInterfaceOrientationPortraitUpsideDown UIInterfaceOrientationLandscapeLeft UIInterfaceOrientationLandscapeRight";
				INFOPLIST_KEY_UISupportedInterfaceOrientations_iPhone = "UIInterfaceOrientationPortrait UIInterfaceOrientationLandscapeLeft UIInterfaceOrientationLandscapeRight";
				LD_RUNPATH_SEARCH_PATHS = (
					"$(inherited)",
					"@executable_path/Frameworks",
				);
				MARKETING_VERSION = 1.0;
				PRODUCT_BUNDLE_IDENTIFIER = kotercy.CollectionViewCustomLayout;
				PRODUCT_NAME = "$(TARGET_NAME)";
				SWIFT_EMIT_LOC_STRINGS = YES;
				TARGETED_DEVICE_FAMILY = "1,2";
			};
			name = Release;
		};
/* End XCBuildConfiguration section */

/* Begin XCConfigurationList section */
		F2EC8DF42A5AD18D008F1BFB /* Build configuration list for PBXProject "CollectionViewCustomLayout" */ = {
			isa = XCConfigurationList;
			buildConfigurations = (
				F2EC8E262A5AD18E008F1BFB /* Debug */,
				F2EC8E272A5AD18E008F1BFB /* Release */,
			);
			defaultConfigurationIsVisible = 0;
			defaultConfigurationName = Release;
		};
		F2EC8E282A5AD18E008F1BFB /* Build configuration list for PBXNativeTarget "CollectionViewCustomLayout" */ = {
			isa = XCConfigurationList;
			buildConfigurations = (
				F2EC8E292A5AD18E008F1BFB /* Debug */,
				F2EC8E2A2A5AD18E008F1BFB /* Release */,
			);
			defaultConfigurationIsVisible = 0;
			defaultConfigurationName = Release;
		};
/* End XCConfigurationList section */
	};
	rootObject = F2EC8DF12A5AD18D008F1BFB /* Project object */;
}
